
Microsoft Visual Studio Solution File, Format Version 12.00
# Visual Studio Version 16
VisualStudioVersion = 16.0.29102.190
MinimumVisualStudioVersion = 10.0.40219.1
Project("{FAE04EC0-301F-11D3-BF4B-00C04F79EFBC}") = "connectMe", "connectMe.csproj", "{C1303CED-9460-45AC-AFEC-44E9113129EE}"
EndProject
Global
	GlobalSection(SolutionConfigurationPlatforms) = preSolution
		Debug|Any CPU = Debug|Any CPU
		Release|Any CPU = Release|Any CPU
	EndGlobalSection
	GlobalSection(ProjectConfigurationPlatforms) = postSolution
		{C1303CED-9460-45AC-AFEC-44E9113129EE}.Debug|Any CPU.ActiveCfg = Debug|Any CPU
		{C1303CED-9460-45AC-AFEC-44E9113129EE}.Debug|Any CPU.Build.0 = Debug|Any CPU
		{C1303CED-9460-45AC-AFEC-44E9113129EE}.Release|Any CPU.ActiveCfg = Release|Any CPU
		{C1303CED-9460-45AC-AFEC-44E9113129EE}.Release|Any CPU.Build.0 = Release|Any CPU
	EndGlobalSection
	GlobalSection(SolutionProperties) = preSolution
		HideSolutionNode = FALSE
	EndGlobalSection
	GlobalSection(ExtensibilityGlobals) = postSolution
		SolutionGuid = {8321613D-35AE-44C4-936A-AFEFB9A1880B}
	EndGlobalSection
EndGlobal
